{
  "version": "4",
  "specifiers": {
    "jsr:@logtape/logtape@~0.9.1": "0.9.1",
    "jsr:@std/assert@^1.0.12": "1.0.12",
    "jsr:@std/expect@1": "1.0.15",
    "jsr:@std/internal@^1.0.6": "1.0.6",
    "jsr:@std/testing@*": "1.0.11",
    "jsr:@std/ulid@1": "1.0.0",
    "npm:@opentelemetry/api@^1.9.0": "1.9.0",
    "npm:zod@^3.24.2": "3.24.3"
  },
  "jsr": {
    "@logtape/logtape@0.9.1": {
      "integrity": "0dc55c64be7b6ead27fb4c610c4b4b003dec8f4714bb1b1fe06c9da4cd15a770"
    },
    "@std/assert@1.0.12": {
      "integrity": "08009f0926dda9cbd8bef3a35d3b6a4b964b0ab5c3e140a4e0351fbf34af5b9a",
      "dependencies": [
        "jsr:@std/internal"
      ]
    },
    "@std/expect@1.0.15": {
      "integrity": "eca360007b5a7f13dbfa1294224baee7fb98dcd460d8461fe64eeae302902945",
      "dependencies": [
        "jsr:@std/assert",
        "jsr:@std/internal"
      ]
    },
    "@std/internal@1.0.6": {
      "integrity": "9533b128f230f73bd209408bb07a4b12f8d4255ab2a4d22a1fd6d87304aca9a4"
    },
    "@std/testing@1.0.11": {
      "integrity": "12b3db12d34f0f385a26248933bde766c0f8c5ad8b6ab34d4d38f528ab852f48",
      "dependencies": [
        "jsr:@std/assert",
        "jsr:@std/internal"
      ]
    },
    "@std/ulid@1.0.0": {
      "integrity": "d41c3d27a907714413649fee864b7cde8d42ee68437d22b79d5de4f81d808780"
    }
  },
  "npm": {
    "@opentelemetry/api@1.9.0": {
      "integrity": "sha512-3giAOQvZiH5F9bMlMiv8+GSPMeqg0dbaeo58/0SlA9sxSqZhnUtxzX9/2FzyhS9sWQf5S0GJE0AKBrFqjpeYcg=="
    },
    "zod@3.24.3": {
      "integrity": "sha512-HhY1oqzWCQWuUqvBFnsyrtZRhyPeR7SUGv+C4+MsisMuVfSPx8HpwWqH8tRahSlt6M3PiFAcoeFhZAqIXTxoSg=="
    }
  },
  "workspace": {
    "dependencies": [
      "jsr:@logtape/logtape@~0.9.1",
      "jsr:@std/expect@1",
      "jsr:@std/testing@*",
      "jsr:@std/ulid@1",
      "npm:@opentelemetry/api@^1.9.0",
      "npm:zod@^3.24.2"
    ]
  }
}
