{
  "version": "4",
  "specifiers": {
    "jsr:@logtape/logtape@0.9": "0.9.0",
    "jsr:@std/assert@^1.0.11": "1.0.12",
    "jsr:@std/assert@^1.0.12": "1.0.12",
    "jsr:@std/data-structures@^1.0.6": "1.0.6",
    "jsr:@std/expect@1": "1.0.13",
    "jsr:@std/fs@^1.0.16": "1.0.16",
    "jsr:@std/internal@^1.0.5": "1.0.6",
    "jsr:@std/internal@^1.0.6": "1.0.6",
    "jsr:@std/path@^1.0.8": "1.0.8",
    "jsr:@std/testing@1": "1.0.11",
    "jsr:@std/ulid@1": "1.0.0",
    "npm:@opentelemetry/api@^1.9.0": "1.9.0",
    "npm:zod@^3.24.2": "3.24.2"
  },
  "jsr": {
    "@logtape/logtape@0.9.0": {
      "integrity": "aacdeb0e040e5723021bef8b9b8c03ad7cffb5e2146a0024c30814930f6e7c89"
    },
    "@std/assert@1.0.12": {
      "integrity": "08009f0926dda9cbd8bef3a35d3b6a4b964b0ab5c3e140a4e0351fbf34af5b9a",
      "dependencies": [
        "jsr:@std/internal@^1.0.6"
      ]
    },
    "@std/data-structures@1.0.6": {
      "integrity": "76a7fd8080c66604c0496220a791860492ab21a04a63a969c0b9a0609bbbb760"
    },
    "@std/expect@1.0.13": {
      "integrity": "d8e236c7089cd9fcf5e6032f27dadc3db6349d0aee48c15bc71d717bca5baa42",
      "dependencies": [
        "jsr:@std/assert@^1.0.11",
        "jsr:@std/internal@^1.0.5"
      ]
    },
    "@std/fs@1.0.16": {
      "integrity": "81878f62b6eeda0bf546197fc3daa5327c132fee1273f6113f940784a468b036",
      "dependencies": [
        "jsr:@std/path"
      ]
    },
    "@std/internal@1.0.6": {
      "integrity": "9533b128f230f73bd209408bb07a4b12f8d4255ab2a4d22a1fd6d87304aca9a4"
    },
    "@std/path@1.0.8": {
      "integrity": "548fa456bb6a04d3c1a1e7477986b6cffbce95102d0bb447c67c4ee70e0364be"
    },
    "@std/testing@1.0.11": {
      "integrity": "12b3db12d34f0f385a26248933bde766c0f8c5ad8b6ab34d4d38f528ab852f48",
      "dependencies": [
        "jsr:@std/assert@^1.0.12",
        "jsr:@std/data-structures",
        "jsr:@std/fs",
        "jsr:@std/internal@^1.0.6",
        "jsr:@std/path"
      ]
    },
    "@std/ulid@1.0.0": {
      "integrity": "d41c3d27a907714413649fee864b7cde8d42ee68437d22b79d5de4f81d808780"
    }
  },
  "npm": {
    "@opentelemetry/api@1.9.0": {
      "integrity": "sha512-3giAOQvZiH5F9bMlMiv8+GSPMeqg0dbaeo58/0SlA9sxSqZhnUtxzX9/2FzyhS9sWQf5S0GJE0AKBrFqjpeYcg=="
    },
    "zod@3.24.2": {
      "integrity": "sha512-lY7CDW43ECgW9u1TcT3IoXHflywfVqDYze4waEz812jR/bZ8FHDsl7pFQoSZTz5N+2NqRXs8GBwnAwo3ZNxqhQ=="
    }
  },
  "workspace": {
    "dependencies": [
      "jsr:@logtape/logtape@0.9",
      "jsr:@std/expect@1",
      "jsr:@std/testing@1",
      "jsr:@std/ulid@1",
      "npm:@opentelemetry/api@^1.9.0",
      "npm:zod@^3.24.2"
    ]
  }
}
